PODS:
  - AFNetworking (3.2.1):
    - AFNetworking/NSURLSession (= 3.2.1)
    - AFNetworking/Reachability (= 3.2.1)
    - AFNetworking/Security (= 3.2.1)
    - AFNetworking/Serialization (= 3.2.1)
    - AFNetworking/UIKit (= 3.2.1)
  - AFNetworking/NSURLSession (3.2.1):
    - AFNetworking/Reachability
    - AFNetworking/Security
    - AFNetworking/Serialization
  - AFNetworking/Reachability (3.2.1)
  - AFNetworking/Security (3.2.1)
  - AFNetworking/Serialization (3.2.1)
  - AFNetworking/UIKit (3.2.1):
    - AFNetworking/NSURLSession
  - Alamofire (4.7.3)
  - Auth0 (1.13.0):
    - SimpleKeychain
  - Kingfisher (4.10.1)
  - Lock (2.8.0):
    - Auth0 (~> 1.13)
    - Lock/Classic (= 2.8.0)
  - Lock/Classic (2.8.0):
    - Auth0 (~> 1.13)
  - SimpleKeychain (0.8.1)
  - SwiftMessages (6.0.0):
    - SwiftMessages/App (= 6.0.0)
  - SwiftMessages/App (6.0.0)

DEPENDENCIES:
  - AFNetworking (~> 3.0)
  - Alamofire
  - Auth0 (~> 1.10)
  - Kingfisher (~> 4.0)
  - Lock (~> 2.5)
  - SimpleKeychain (~> 0.7)
  - SwiftMessages

SPEC CHECKSUMS:
  AFNetworking: b6f891fdfaed196b46c7a83cf209e09697b94057
  Alamofire: c7287b6e5d7da964a70935e5db17046b7fde6568
  Auth0: 7e99e1ca69543bc243d9687fd612057072f3eaaf
  Kingfisher: c148cd7b47ebde9989f6bc7c27dcaa79d81279a0
  Lock: 971d254ea7a31795d445a30d95bf814e89561694
  SimpleKeychain: e2485c28d82fcece35e9e41faeac42ebfe614815
  SwiftMessages: da7c981256a65b3e58022d9027a36584cf4eccf5

PODFILE CHECKSUM: 228489733b1ac9626630e645251fcb5f06982cde

COCOAPODS: 1.3.1
